// !$*UTF8*$!
{
	archiveVersion = 1;
	classes = {
	};
	objectVersion = 48;
	objects = {

/* Begin PBXBuildFile section */
		E5FE8D2220803CE800957E31 /* AppDelegate.swift in Sources */ = {isa = PBXBuildFile; fileRef = E5FE8D2120803CE800957E31 /* AppDelegate.swift */; };
		E5FE8D2420803CE800957E31 /* ViewController.swift in Sources */ = {isa = PBXBuildFile; fileRef = E5FE8D2320803CE800957E31 /* ViewController.swift */; };
		E5FE8D2720803CE800957E31 /* Main.storyboard in Resources */ = {isa = PBXBuildFile; fileRef = E5FE8D2520803CE800957E31 /* Main.storyboard */; };
		E5FE8D2A20803CE800957E31 /* weatherAPP.xcdatamodeld in Sources */ = {isa = PBXBuildFile; fileRef = E5FE8D2820803CE800957E31 /* weatherAPP.xcdatamodeld */; };
		E5FE8D2C20803CE800957E31 /* Assets.xcassets in Resources */ = {isa = PBXBuildFile; fileRef = E5FE8D2B20803CE800957E31 /* Assets.xcassets */; };
		E5FE8D2F20803CE800957E31 /* LaunchScreen.storyboard in Resources */ = {isa = PBXBuildFile; fileRef = E5FE8D2D20803CE800957E31 /* LaunchScreen.storyboard */; };
/* End PBXBuildFile section */

/* Begin PBXFileReference section */
		E5FE8D1E20803CE800957E31 /* weatherAPP.app */ = {isa = PBXFileReference; explicitFileType = wrapper.application; includeInIndex = 0; path = weatherAPP.app; sourceTree = BUILT_PRODUCTS_DIR; };
		E5FE8D2120803CE800957E31 /* AppDelegate.swift */ = {isa = PBXFileReference; lastKnownFileType = sourcecode.swift; path = AppDelegate.swift; sourceTree = "<group>"; };
		E5FE8D2320803CE800957E31 /* ViewController.swift */ = {isa = PBXFileReference; lastKnownFileType = sourcecode.swift; path = ViewController.swift; sourceTree = "<group>"; };
		E5FE8D2620803CE800957E31 /* Base */ = {isa = PBXFileReference; lastKnownFileType = file.storyboard; name = Base; path = Base.lproj/Main.storyboard; sourceTree = "<group>"; };
		E5FE8D2920803CE800957E31 /* weatherAPP.xcdatamodel */ = {isa = PBXFileReference; lastKnownFileType = wrapper.xcdatamodel; path = weatherAPP.xcdatamodel; sourceTree = "<group>"; };
		E5FE8D2B20803CE800957E31 /* Assets.xcassets */ = {isa = PBXFileReference; lastKnownFileType = folder.assetcatalog; path = Assets.xcassets; sourceTree = "<group>"; };
		E5FE8D2E20803CE800957E31 /* Base */ = {isa = PBXFileReference; lastKnownFileType = file.storyboard; name = Base; path = Base.lproj/LaunchScreen.storyboard; sourceTree = "<group>"; };
		E5FE8D3020803CE800957E31 /* Info.plist */ = {isa = PBXFileReference; lastKnownFileType = text.plist.xml; path = Info.plist; sourceTree = "<group>"; };
/* End PBXFileReference section */

/* Begin PBXFrameworksBuildPhase section */
		E5FE8D1B20803CE800957E31 /* Frameworks */ = {
			isa = PBXFrameworksBuildPhase;
			buildActionMask = 2147483647;
			files = (
			);
			runOnlyForDeploymentPostprocessing = 0;
		};
/* End PBXFrameworksBuildPhase section */

/* Begin PBXGroup section */
		E5FE8D1520803CE800957E31 = {
			isa = PBXGroup;
			children = (
				E5FE8D2020803CE800957E31 /* weatherAPP */,
				E5FE8D1F20803CE800957E31 /* Products */,
			);
			sourceTree = "<group>";
		};
		E5FE8D1F20803CE800957E31 /* Products */ = {
			isa = PBXGroup;
			children = (
				E5FE8D1E20803CE800957E31 /* weatherAPP.app */,
			);
			name = Products;
			sourceTree = "<group>";
		};
		E5FE8D2020803CE800957E31 /* weatherAPP */ = {
			isa = PBXGroup;
			children = (
				E5FE8D2120803CE800957E31 /* AppDelegate.swift */,
				E5FE8D2320803CE800957E31 /* ViewController.swift */,
				E5FE8D2520803CE800957E31 /* Main.storyboard */,
				E5FE8D2B20803CE800957E31 /* Assets.xcassets */,
				E5FE8D2D20803CE800957E31 /* LaunchScreen.storyboard */,
				E5FE8D3020803CE800957E31 /* Info.plist */,
				E5FE8D2820803CE800957E31 /* weatherAPP.xcdatamodeld */,
			);
			path = weatherAPP;
			sourceTree = "<group>";
		};
/* End PBXGroup section */

/* Begin PBXNativeTarget section */
		E5FE8D1D20803CE800957E31 /* weatherAPP */ = {
			isa = PBXNativeTarget;
			buildConfigurationList = E5FE8D3320803CE800957E31 /* Build configuration list for PBXNativeTarget "weatherAPP" */;
			buildPhases = (
				E5FE8D1A20803CE800957E31 /* Sources */,
				E5FE8D1B20803CE800957E31 /* Frameworks */,
				E5FE8D1C20803CE800957E31 /* Resources */,
			);
			buildRules = (
			);
			dependencies = (
			);
			name = weatherAPP;
			productName = weatherAPP;
			productReference = E5FE8D1E20803CE800957E31 /* weatherAPP.app */;
			productType = "com.apple.product-type.application";
		};
/* End PBXNativeTarget section */

/* Begin PBXProject section */
		E5FE8D1620803CE800957E31 /* Project object */ = {
			isa = PBXProject;
			attributes = {
				LastSwiftUpdateCheck = 0920;
				LastUpgradeCheck = 0920;
				ORGANIZATIONNAME = Huy;
				TargetAttributes = {
					E5FE8D1D20803CE800957E31 = {
						CreatedOnToolsVersion = 9.2;
						ProvisioningStyle = Automatic;
					};
				};
			};
			buildConfigurationList = E5FE8D1920803CE800957E31 /* Build configuration list for PBXProject "weatherAPP" */;
			compatibilityVersion = "Xcode 8.0";
			developmentRegion = en;
			hasScannedForEncodings = 0;
			knownRegions = (
				en,
				Base,
			);
			mainGroup = E5FE8D1520803CE800957E31;
			productRefGroup = E5FE8D1F20803CE800957E31 /* Products */;
			projectDirPath = "";
			projectRoot = "";
			targets = (
				E5FE8D1D20803CE800957E31 /* weatherAPP */,
			);
		};
/* End PBXProject section */

/* Begin PBXResourcesBuildPhase section */
		E5FE8D1C20803CE800957E31 /* Resources */ = {
			isa = PBXResourcesBuildPhase;
			buildActionMask = 2147483647;
			files = (
				E5FE8D2F20803CE800957E31 /* LaunchScreen.storyboard in Resources */,
				E5FE8D2C20803CE800957E31 /* Assets.xcassets in Resources */,
				E5FE8D2720803CE800957E31 /* Main.storyboard in Resources */,
			);
			runOnlyForDeploymentPostprocessing = 0;
		};
/* End PBXResourcesBuildPhase section */

/* Begin PBXSourcesBuildPhase section */
		E5FE8D1A20803CE800957E31 /* Sources */ = {
			isa = PBXSourcesBuildPhase;
			buildActionMask = 2147483647;
			files = (
				E5FE8D2A20803CE800957E31 /* weatherAPP.xcdatamodeld in Sources */,
				E5FE8D2420803CE800957E31 /* ViewController.swift in Sources */,
				E5FE8D2220803CE800957E31 /* AppDelegate.swift in Sources */,
			);
			runOnlyForDeploymentPostprocessing = 0;
		};
/* End PBXSourcesBuildPhase section */

/* Begin PBXVariantGroup section */
		E5FE8D2520803CE800957E31 /* Main.storyboard */ = {
			isa = PBXVariantGroup;
			children = (
				E5FE8D2620803CE800957E31 /* Base */,
			);
			name = Main.storyboard;
			sourceTree = "<group>";
		};
		E5FE8D2D20803CE800957E31 /* LaunchScreen.storyboard */ = {
			isa = PBXVariantGroup;
			children = (
				E5FE8D2E20803CE800957E31 /* Base */,
			);
			name = LaunchScreen.storyboard;
			sourceTree = "<group>";
		};
/* End PBXVariantGroup section */

/* Begin XCBuildConfiguration section */
		E5FE8D3120803CE800957E31 /* Debug */ = {
			isa = XCBuildConfiguration;
			buildSettings = {
				ALWAYS_SEARCH_USER_PATHS = NO;
				CLANG_ANALYZER_NONNULL = YES;
				CLANG_ANALYZER_NUMBER_OBJECT_CONVERSION = YES_AGGRESSIVE;
				CLANG_CXX_LANGUAGE_STANDARD = "gnu++14";
				CLANG_CXX_LIBRARY = "libc++";
				CLANG_ENABLE_MODULES = YES;
				CLANG_ENABLE_OBJC_ARC = YES;
				CLANG_WARN_BLOCK_CAPTURE_AUTORELEASING = YES;
				CLANG_WARN_BOOL_CONVERSION = YES;
				CLANG_WARN_COMMA = YES;
				CLANG_WARN_CONSTANT_CONVERSION = YES;
				CLANG_WARN_DIRECT_OBJC_ISA_USAGE = YES_ERROR;
				CLANG_WARN_DOCUMENTATION_COMMENTS = YES;
				CLANG_WARN_EMPTY_BODY = YES;
				CLANG_WARN_ENUM_CONVERSION = YES;
				CLANG_WARN_INFINITE_RECURSION = YES;
				CLANG_WARN_INT_CONVERSION = YES;
				CLANG_WARN_NON_LITERAL_NULL_CONVERSION = YES;
				CLANG_WARN_OBJC_LITERAL_CONVERSION = YES;
				CLANG_WARN_OBJC_ROOT_CLASS = YES_ERROR;
				CLANG_WARN_RANGE_LOOP_ANALYSIS = YES;
				CLANG_WARN_STRICT_PROTOTYPES = YES;
				CLANG_WARN_SUSPICIOUS_MOVE = YES;
				CLANG_WARN_UNGUARDED_AVAILABILITY = YES_AGGRESSIVE;
				CLANG_WARN_UNREACHABLE_CODE = YES;
				CLANG_WARN__DUPLICATE_METHOD_MATCH = YES;
				CODE_SIGN_IDENTITY = "iPhone Developer";
				COPY_PHASE_STRIP = NO;
				DEBUG_INFORMATION_FORMAT = dwarf;
				ENABLE_STRICT_OBJC_MSGSEND = YES;
				ENABLE_TESTABILITY = YES;
				GCC_C_LANGUAGE_STANDARD = gnu11;
				GCC_DYNAMIC_NO_PIC = NO;
				GCC_NO_COMMON_BLOCKS = YES;
				GCC_OPTIMIZATION_LEVEL = 0;
				GCC_PREPROCESSOR_DEFINITIONS = (
					"DEBUG=1",
					"$(inherited)",
				);
				GCC_WARN_64_TO_32_BIT_CONVERSION = YES;
				GCC_WARN_ABOUT_RETURN_TYPE = YES_ERROR;
				GCC_WARN_UNDECLARED_SELECTOR = YES;
				GCC_WARN_UNINITIALIZED_AUTOS = YES_AGGRESSIVE;
				GCC_WARN_UNUSED_FUNCTION = YES;
				GCC_WARN_UNUSED_VARIABLE = YES;
				IPHONEOS_DEPLOYMENT_TARGET = 11.2;
				MTL_ENABLE_DEBUG_INFO = YES;
				ONLY_ACTIVE_ARCH = YES;
				SDKROOT = iphoneos;
				SWIFT_ACTIVE_COMPILATION_CONDITIONS = DEBUG;
				SWIFT_OPTIMIZATION_LEVEL = "-Onone";
			};
			name = Debug;
		};
		E5FE8D3220803CE800957E31 /* Release */ = {
			isa = XCBuildConfiguration;
			buildSettings = {
				ALWAYS_SEARCH_USER_PATHS = NO;
				CLANG_ANALYZER_NONNULL = YES;
				CLANG_ANALYZER_NUMBER_OBJECT_CONVERSION = YES_AGGRESSIVE;
				CLANG_CXX_LANGUAGE_STANDARD = "gnu++14";
				CLANG_CXX_LIBRARY = "libc++";
				CLANG_ENABLE_MODULES = YES;
				CLANG_ENABLE_OBJC_ARC = YES;
				CLANG_WARN_BLOCK_CAPTURE_AUTORELEASING = YES;
				CLANG_WARN_BOOL_CONVERSION = YES;
				CLANG_WARN_COMMA = YES;
				CLANG_WARN_CONSTANT_CONVERSION = YES;
				CLANG_WARN_DIRECT_OBJC_ISA_USAGE = YES_ERROR;
				CLANG_WARN_DOCUMENTATION_COMMENTS = YES;
				CLANG_WARN_EMPTY_BODY = YES;
				CLANG_WARN_ENUM_CONVERSION = YES;
				CLANG_WARN_INFINITE_RECURSION = YES;
				CLANG_WARN_INT_CONVERSION = YES;
				CLANG_WARN_NON_LITERAL_NULL_CONVERSION = YES;
				CLANG_WARN_OBJC_LITERAL_CONVERSION = YES;
				CLANG_WARN_OBJC_ROOT_CLASS = YES_ERROR;
				CLANG_WARN_RANGE_LOOP_ANALYSIS = YES;
				CLANG_WARN_STRICT_PROTOTYPES = YES;
				CLANG_WARN_SUSPICIOUS_MOVE = YES;
				CLANG_WARN_UNGUARDED_AVAILABILITY = YES_AGGRESSIVE;
				CLANG_WARN_UNREACHABLE_CODE = YES;
				CLANG_WARN__DUPLICATE_METHOD_MATCH = YES;
				CODE_SIGN_IDENTITY = "iPhone Developer";
				COPY_PHASE_STRIP = NO;
				DEBUG_INFORMATION_FORMAT = "dwarf-with-dsym";
				ENABLE_NS_ASSERTIONS = NO;
				ENABLE_STRICT_OBJC_MSGSEND = YES;
				GCC_C_LANGUAGE_STANDARD = gnu11;
				GCC_NO_COMMON_BLOCKS = YES;
				GCC_WARN_64_TO_32_BIT_CONVERSION = YES;
				GCC_WARN_ABOUT_RETURN_TYPE = YES_ERROR;
				GCC_WARN_UNDECLARED_SELECTOR = YES;
				GCC_WARN_UNINITIALIZED_AUTOS = YES_AGGRESSIVE;
				GCC_WARN_UNUSED_FUNCTION = YES;
				GCC_WARN_UNUSED_VARIABLE = YES;
				IPHONEOS_DEPLOYMENT_TARGET = 11.2;
				MTL_ENABLE_DEBUG_INFO = NO;
				SDKROOT = iphoneos;
				SWIFT_OPTIMIZATION_LEVEL = "-Owholemodule";
				VALIDATE_PRODUCT = YES;
			};
			name = Release;
		};
		E5FE8D3420803CE800957E31 /* Debug */ = {
			isa = XCBuildConfiguration;
			buildSettings = {
				ASSETCATALOG_COMPILER_APPICON_NAME = AppIcon;
				CODE_SIGN_STYLE = Automatic;
				INFOPLIST_FILE = weatherAPP/Info.plist;
				LD_RUNPATH_SEARCH_PATHS = "$(inherited) @executable_path/Frameworks";
				PRODUCT_BUNDLE_IDENTIFIER = huy.weatherAPP;
				PRODUCT_NAME = "$(TARGET_NAME)";
				SWIFT_VERSION = 4.0;
				TARGETED_DEVICE_FAMILY = "1,2";
			};
			name = Debug;
		};
		E5FE8D3520803CE800957E31 /* Release */ = {
			isa = XCBuildConfiguration;
			buildSettings = {
				ASSETCATALOG_COMPILER_APPICON_NAME = AppIcon;
				CODE_SIGN_STYLE = Automatic;
				INFOPLIST_FILE = weatherAPP/Info.plist;
				LD_RUNPATH_SEARCH_PATHS = "$(inherited) @executable_path/Frameworks";
				PRODUCT_BUNDLE_IDENTIFIER = huy.weatherAPP;
				PRODUCT_NAME = "$(TARGET_NAME)";
				SWIFT_VERSION = 4.0;
				TARGETED_DEVICE_FAMILY = "1,2";
			};
			name = Release;
		};
/* End XCBuildConfiguration section */

/* Begin XCConfigurationList section */
		E5FE8D1920803CE800957E31 /* Build configuration list for PBXProject "weatherAPP" */ = {
			isa = XCConfigurationList;
			buildConfigurations = (
				E5FE8D3120803CE800957E31 /* Debug */,
				E5FE8D3220803CE800957E31 /* Release */,
			);
			defaultConfigurationIsVisible = 0;
			defaultConfigurationName = Release;
		};
		E5FE8D3320803CE800957E31 /* Build configuration list for PBXNativeTarget "weatherAPP" */ = {
			isa = XCConfigurationList;
			buildConfigurations = (
				E5FE8D3420803CE800957E31 /* Debug */,
				E5FE8D3520803CE800957E31 /* Release */,
			);
			defaultConfigurationIsVisible = 0;
			defaultConfigurationName = Release;
		};
/* End XCConfigurationList section */

/* Begin XCVersionGroup section */
		E5FE8D2820803CE800957E31 /* weatherAPP.xcdatamodeld */ = {
			isa = XCVersionGroup;
			children = (
				E5FE8D2920803CE800957E31 /* weatherAPP.xcdatamodel */,
			);
			currentVersion = E5FE8D2920803CE800957E31 /* weatherAPP.xcdatamodel */;
			path = weatherAPP.xcdatamodeld;
			sourceTree = "<group>";
			versionGroupType = wrapper.xcdatamodel;
		};
/* End XCVersionGroup section */
	};
	rootObject = E5FE8D1620803CE800957E31 /* Project object */;
}
